{
  "name": "slide_deck",
  "lockfileVersion": 3,
  "requires": true,
  "packages": {
    "": {
      "dependencies": {
        "rawdoc": "^0.3.2"
      }
    },
    "node_modules/rawdoc": {
      "version": "0.3.2",
      "resolved": "https://registry.npmjs.org/rawdoc/-/rawdoc-0.3.2.tgz",
      "integrity": "sha512-uoYdas5+R+i6sH+8sHo8omsGLWsiAckRKrkfAjcHuXEJldu7fMBBDknvRckkaYLfZ6aYLO+D76266or4WfyPxA==",
      "license": "UNLICENSED",
      "bin": {
        "rawdoc": "dist/rawdoc.js"
      },
      "engines": {
        "node": ">=22"
      }
    }
  }
}
